
Microsoft Visual Studio Solution File, Format Version 12.00
# Visual Studio Version 17
VisualStudioVersion = 17.0.32014.148
MinimumVisualStudioVersion = 10.0.40219.1
Project("{9A19103F-16F7-4668-BE54-9A1E7A4F7556}") = "StringValidation", "StringValidation\StringValidation.csproj", "{C737438D-B900-4F77-ABBD-7DE9EA0E2325}"
EndProject
Project("{9A19103F-16F7-4668-BE54-9A1E7A4F7556}") = "ParseAndSearchStrings", "ParseAndSearchStrings\ParseAndSearchStrings.csproj", "{64ECEA51-45E1-474C-94A3-19A12CB8B18C}"
EndProject
Project("{9A19103F-16F7-4668-BE54-9A1E7A4F7556}") = "NormalizeString", "NormalizeString\NormalizeString.csproj", "{3520EEE4-24C5-4B79-9E28-6E32C9FE610C}"
EndProject
Project("{9A19103F-16F7-4668-BE54-9A1E7A4F7556}") = "AlgoDrivenStrings", "AlgoDrivenStrings\AlgoDrivenStrings.csproj", "{4F18B643-2C80-40A9-BC11-B9FAB2601A3A}"
EndProject
Project("{2150E333-8FDC-42A3-9474-1A3956D46DE8}") = "Challenges", "Challenges", "{6405ADB5-D8DD-40C9-A01D-4FF4FDD795F6}"
EndProject
Project("{9A19103F-16F7-4668-BE54-9A1E7A4F7556}") = "ReverseEachWord_Challenge", "ReverseEachWord_Challenge\ReverseEachWord_Challenge.csproj", "{6FAF15D1-54F1-47D4-892A-DFC046EB5733}"
EndProject
Project("{9A19103F-16F7-4668-BE54-9A1E7A4F7556}") = "ArraysLinearSearch", "ArraysLinearSearch\ArraysLinearSearch.csproj", "{8ADA907D-6883-4C27-9305-BF923EEB9A62}"
EndProject
Project("{9A19103F-16F7-4668-BE54-9A1E7A4F7556}") = "ArraysBinarySearch", "ArraysBinarySearch\ArraysBinarySearch.csproj", "{E329497E-4EDE-4D8B-9EF7-9C7748C8F129}"
EndProject
Project("{9A19103F-16F7-4668-BE54-9A1E7A4F7556}") = "ArraysAggregrateAndFilter", "ArraysAggregrateAndFilter\ArraysAggregrateAndFilter.csproj", "{D275C6B3-62F5-4EF5-9BB5-1B9D20F03CA1}"
EndProject
Project("{9A19103F-16F7-4668-BE54-9A1E7A4F7556}") = "ArraysReverse", "ArraysReverse\ArraysReverse.csproj", "{F0CE0A08-B72E-4842-B738-6D12A5426A70}"
EndProject
Project("{9A19103F-16F7-4668-BE54-9A1E7A4F7556}") = "RotateAnArray_Challenge", "RotateAnArray_Challenge\RotateAnArray_Challenge.csproj", "{BB9F2A43-0592-4C04-983A-79C33AF9BBE4}"
EndProject
Project("{9A19103F-16F7-4668-BE54-9A1E7A4F7556}") = "LinkListCommonOps", "LinkListCommonOps\LinkListCommonOps.csproj", "{462ACB3E-400A-4DC5-8F1D-A9C25B44875D}"
EndProject
Project("{9A19103F-16F7-4668-BE54-9A1E7A4F7556}") = "LinkListAlgos", "LinkListAlgos\LinkListAlgos.csproj", "{9D1CF332-EF75-4AF5-B942-F42950E2CC3B}"
EndProject
Project("{2150E333-8FDC-42A3-9474-1A3956D46DE8}") = "Strings", "Strings", "{114B6230-EAB4-4D8D-A468-36205BAD6941}"
EndProject
Project("{2150E333-8FDC-42A3-9474-1A3956D46DE8}") = "Arrays", "Arrays", "{BE64D941-8F0B-45BB-8A64-ED511A8320CC}"
EndProject
Project("{2150E333-8FDC-42A3-9474-1A3956D46DE8}") = "LinkedLists", "LinkedLists", "{57A1AB46-0A0A-4D56-9626-561387359380}"
EndProject
Project("{9A19103F-16F7-4668-BE54-9A1E7A4F7556}") = "DeleteKthNode_LinkedList_Challenge", "DeleteKthNode_LinkedList_Challenge\DeleteKthNode_LinkedList_Challenge.csproj", "{AD5AADF0-4343-46B2-9623-BB588077B402}"
EndProject
Project("{2150E333-8FDC-42A3-9474-1A3956D46DE8}") = "Queue-Stack", "Queue-Stack", "{6CDFBD29-7813-4C21-8469-81721A05CAEE}"
EndProject
Project("{9A19103F-16F7-4668-BE54-9A1E7A4F7556}") = "StandardOperationsQueue", "StandardOperations\StandardOperationsQueue.csproj", "{90768B62-38C0-475A-A063-996445CB5FD6}"
EndProject
Project("{9A19103F-16F7-4668-BE54-9A1E7A4F7556}") = "GenerateBinaryNumbersQueue", "GenerateBinaryNumbersQueue\GenerateBinaryNumbersQueue.csproj", "{1D20B39B-4370-4D65-83A7-E8759318A997}"
EndProject
Project("{9A19103F-16F7-4668-BE54-9A1E7A4F7556}") = "StandardOpsStack", "StandardOpsStack\StandardOpsStack.csproj", "{68514757-CE3A-4FFC-B592-DAFD7CBA062F}"
EndProject
Project("{9A19103F-16F7-4668-BE54-9A1E7A4F7556}") = "NextGreaterElementStack", "NextGreaterElementStack\NextGreaterElementStack.csproj", "{6697FF31-25D3-4F52-9DBB-AC26CE9ACA55}"
EndProject
Project("{9A19103F-16F7-4668-BE54-9A1E7A4F7556}") = "MatchingParenthesesStack_Challenge", "MatchingParenthesesStack_Challenge\MatchingParenthesesStack_Challenge.csproj", "{70AB4C51-C071-46D2-88C8-8D6B484F88EF}"
EndProject
Project("{2150E333-8FDC-42A3-9474-1A3956D46DE8}") = "HashBasedStructures", "HashBasedStructures", "{A6138611-69A4-43A2-B592-C6C85385DB9A}"
EndProject
Project("{9A19103F-16F7-4668-BE54-9A1E7A4F7556}") = "DictionaryOperationsHashStructs", "DictionaryOperationsHashStructs\DictionaryOperationsHashStructs.csproj", "{D03FB0DD-CB80-45FD-B06E-6D9296792A44}"
EndProject
Project("{9A19103F-16F7-4668-BE54-9A1E7A4F7556}") = "LeverageHashSetHashStructs", "LeverageHashSetHashStructs\LeverageHashSetHashStructs.csproj", "{5393694F-329C-4290-98BC-247624B54C38}"
EndProject
Project("{9A19103F-16F7-4668-BE54-9A1E7A4F7556}") = "LeverageDictTypeHashStructs", "LeverageDictTypeHashStructs\LeverageDictTypeHashStructs.csproj", "{B291A7C1-7FE0-4F65-A46A-A141FB08DC46}"
EndProject
Project("{9A19103F-16F7-4668-BE54-9A1E7A4F7556}") = "DetectCyclicLInkeList_HashStructs_Challenge", "DetectCyclicLInkeList_HashStructs_Challenge\DetectCyclicLInkeList_HashStructs_Challenge.csproj", "{2144F3AB-849C-49E9-B870-7B1D00E15E48}"
EndProject
Project("{2150E333-8FDC-42A3-9474-1A3956D46DE8}") = "TreeAlgorithms", "TreeAlgorithms", "{949F68CE-F09C-4437-B043-C6CD07209127}"
EndProject
Project("{9A19103F-16F7-4668-BE54-9A1E7A4F7556}") = "BinarySearchTrees", "BinarySearchTrees\BinarySearchTrees.csproj", "{8B6F0BF3-076A-4CC6-8F87-1AD9F10CED24}"
EndProject
Project("{FAE04EC0-301F-11D3-BF4B-00C04F79EFBC}") = "TreeTraversals", "TreeTraversals\TreeTraversals.csproj", "{D538B9E5-C641-4C11-8D13-47E23FB8C6F3}"
EndProject
Project("{FAE04EC0-301F-11D3-BF4B-00C04F79EFBC}") = "DevelopSearchAlgoTrees", "DevelopSearchAlgoTrees\DevelopSearchAlgoTrees.csproj", "{7EE4A675-DF86-4653-BB21-CDFCF5886CEB}"
EndProject
Global
	GlobalSection(SolutionConfigurationPlatforms) = preSolution
		Debug|Any CPU = Debug|Any CPU
		Release|Any CPU = Release|Any CPU
	EndGlobalSection
	GlobalSection(ProjectConfigurationPlatforms) = postSolution
		{C737438D-B900-4F77-ABBD-7DE9EA0E2325}.Debug|Any CPU.ActiveCfg = Debug|Any CPU
		{C737438D-B900-4F77-ABBD-7DE9EA0E2325}.Debug|Any CPU.Build.0 = Debug|Any CPU
		{C737438D-B900-4F77-ABBD-7DE9EA0E2325}.Release|Any CPU.ActiveCfg = Release|Any CPU
		{C737438D-B900-4F77-ABBD-7DE9EA0E2325}.Release|Any CPU.Build.0 = Release|Any CPU
		{64ECEA51-45E1-474C-94A3-19A12CB8B18C}.Debug|Any CPU.ActiveCfg = Debug|Any CPU
		{64ECEA51-45E1-474C-94A3-19A12CB8B18C}.Debug|Any CPU.Build.0 = Debug|Any CPU
		{64ECEA51-45E1-474C-94A3-19A12CB8B18C}.Release|Any CPU.ActiveCfg = Release|Any CPU
		{64ECEA51-45E1-474C-94A3-19A12CB8B18C}.Release|Any CPU.Build.0 = Release|Any CPU
		{3520EEE4-24C5-4B79-9E28-6E32C9FE610C}.Debug|Any CPU.ActiveCfg = Debug|Any CPU
		{3520EEE4-24C5-4B79-9E28-6E32C9FE610C}.Debug|Any CPU.Build.0 = Debug|Any CPU
		{3520EEE4-24C5-4B79-9E28-6E32C9FE610C}.Release|Any CPU.ActiveCfg = Release|Any CPU
		{3520EEE4-24C5-4B79-9E28-6E32C9FE610C}.Release|Any CPU.Build.0 = Release|Any CPU
		{4F18B643-2C80-40A9-BC11-B9FAB2601A3A}.Debug|Any CPU.ActiveCfg = Debug|Any CPU
		{4F18B643-2C80-40A9-BC11-B9FAB2601A3A}.Debug|Any CPU.Build.0 = Debug|Any CPU
		{4F18B643-2C80-40A9-BC11-B9FAB2601A3A}.Release|Any CPU.ActiveCfg = Release|Any CPU
		{4F18B643-2C80-40A9-BC11-B9FAB2601A3A}.Release|Any CPU.Build.0 = Release|Any CPU
		{6FAF15D1-54F1-47D4-892A-DFC046EB5733}.Debug|Any CPU.ActiveCfg = Debug|Any CPU
		{6FAF15D1-54F1-47D4-892A-DFC046EB5733}.Debug|Any CPU.Build.0 = Debug|Any CPU
		{6FAF15D1-54F1-47D4-892A-DFC046EB5733}.Release|Any CPU.ActiveCfg = Release|Any CPU
		{6FAF15D1-54F1-47D4-892A-DFC046EB5733}.Release|Any CPU.Build.0 = Release|Any CPU
		{8ADA907D-6883-4C27-9305-BF923EEB9A62}.Debug|Any CPU.ActiveCfg = Debug|Any CPU
		{8ADA907D-6883-4C27-9305-BF923EEB9A62}.Debug|Any CPU.Build.0 = Debug|Any CPU
		{8ADA907D-6883-4C27-9305-BF923EEB9A62}.Release|Any CPU.ActiveCfg = Release|Any CPU
		{8ADA907D-6883-4C27-9305-BF923EEB9A62}.Release|Any CPU.Build.0 = Release|Any CPU
		{E329497E-4EDE-4D8B-9EF7-9C7748C8F129}.Debug|Any CPU.ActiveCfg = Debug|Any CPU
		{E329497E-4EDE-4D8B-9EF7-9C7748C8F129}.Debug|Any CPU.Build.0 = Debug|Any CPU
		{E329497E-4EDE-4D8B-9EF7-9C7748C8F129}.Release|Any CPU.ActiveCfg = Release|Any CPU
		{E329497E-4EDE-4D8B-9EF7-9C7748C8F129}.Release|Any CPU.Build.0 = Release|Any CPU
		{D275C6B3-62F5-4EF5-9BB5-1B9D20F03CA1}.Debug|Any CPU.ActiveCfg = Debug|Any CPU
		{D275C6B3-62F5-4EF5-9BB5-1B9D20F03CA1}.Debug|Any CPU.Build.0 = Debug|Any CPU
		{D275C6B3-62F5-4EF5-9BB5-1B9D20F03CA1}.Release|Any CPU.ActiveCfg = Release|Any CPU
		{D275C6B3-62F5-4EF5-9BB5-1B9D20F03CA1}.Release|Any CPU.Build.0 = Release|Any CPU
		{F0CE0A08-B72E-4842-B738-6D12A5426A70}.Debug|Any CPU.ActiveCfg = Debug|Any CPU
		{F0CE0A08-B72E-4842-B738-6D12A5426A70}.Debug|Any CPU.Build.0 = Debug|Any CPU
		{F0CE0A08-B72E-4842-B738-6D12A5426A70}.Release|Any CPU.ActiveCfg = Release|Any CPU
		{F0CE0A08-B72E-4842-B738-6D12A5426A70}.Release|Any CPU.Build.0 = Release|Any CPU
		{BB9F2A43-0592-4C04-983A-79C33AF9BBE4}.Debug|Any CPU.ActiveCfg = Debug|Any CPU
		{BB9F2A43-0592-4C04-983A-79C33AF9BBE4}.Debug|Any CPU.Build.0 = Debug|Any CPU
		{BB9F2A43-0592-4C04-983A-79C33AF9BBE4}.Release|Any CPU.ActiveCfg = Release|Any CPU
		{BB9F2A43-0592-4C04-983A-79C33AF9BBE4}.Release|Any CPU.Build.0 = Release|Any CPU
		{462ACB3E-400A-4DC5-8F1D-A9C25B44875D}.Debug|Any CPU.ActiveCfg = Debug|Any CPU
		{462ACB3E-400A-4DC5-8F1D-A9C25B44875D}.Debug|Any CPU.Build.0 = Debug|Any CPU
		{462ACB3E-400A-4DC5-8F1D-A9C25B44875D}.Release|Any CPU.ActiveCfg = Release|Any CPU
		{462ACB3E-400A-4DC5-8F1D-A9C25B44875D}.Release|Any CPU.Build.0 = Release|Any CPU
		{9D1CF332-EF75-4AF5-B942-F42950E2CC3B}.Debug|Any CPU.ActiveCfg = Debug|Any CPU
		{9D1CF332-EF75-4AF5-B942-F42950E2CC3B}.Debug|Any CPU.Build.0 = Debug|Any CPU
		{9D1CF332-EF75-4AF5-B942-F42950E2CC3B}.Release|Any CPU.ActiveCfg = Release|Any CPU
		{9D1CF332-EF75-4AF5-B942-F42950E2CC3B}.Release|Any CPU.Build.0 = Release|Any CPU
		{AD5AADF0-4343-46B2-9623-BB588077B402}.Debug|Any CPU.ActiveCfg = Debug|Any CPU
		{AD5AADF0-4343-46B2-9623-BB588077B402}.Debug|Any CPU.Build.0 = Debug|Any CPU
		{AD5AADF0-4343-46B2-9623-BB588077B402}.Release|Any CPU.ActiveCfg = Release|Any CPU
		{AD5AADF0-4343-46B2-9623-BB588077B402}.Release|Any CPU.Build.0 = Release|Any CPU
		{90768B62-38C0-475A-A063-996445CB5FD6}.Debug|Any CPU.ActiveCfg = Debug|Any CPU
		{90768B62-38C0-475A-A063-996445CB5FD6}.Debug|Any CPU.Build.0 = Debug|Any CPU
		{90768B62-38C0-475A-A063-996445CB5FD6}.Release|Any CPU.ActiveCfg = Release|Any CPU
		{90768B62-38C0-475A-A063-996445CB5FD6}.Release|Any CPU.Build.0 = Release|Any CPU
		{1D20B39B-4370-4D65-83A7-E8759318A997}.Debug|Any CPU.ActiveCfg = Debug|Any CPU
		{1D20B39B-4370-4D65-83A7-E8759318A997}.Debug|Any CPU.Build.0 = Debug|Any CPU
		{1D20B39B-4370-4D65-83A7-E8759318A997}.Release|Any CPU.ActiveCfg = Release|Any CPU
		{1D20B39B-4370-4D65-83A7-E8759318A997}.Release|Any CPU.Build.0 = Release|Any CPU
		{68514757-CE3A-4FFC-B592-DAFD7CBA062F}.Debug|Any CPU.ActiveCfg = Debug|Any CPU
		{68514757-CE3A-4FFC-B592-DAFD7CBA062F}.Debug|Any CPU.Build.0 = Debug|Any CPU
		{68514757-CE3A-4FFC-B592-DAFD7CBA062F}.Release|Any CPU.ActiveCfg = Release|Any CPU
		{68514757-CE3A-4FFC-B592-DAFD7CBA062F}.Release|Any CPU.Build.0 = Release|Any CPU
		{6697FF31-25D3-4F52-9DBB-AC26CE9ACA55}.Debug|Any CPU.ActiveCfg = Debug|Any CPU
		{6697FF31-25D3-4F52-9DBB-AC26CE9ACA55}.Debug|Any CPU.Build.0 = Debug|Any CPU
		{6697FF31-25D3-4F52-9DBB-AC26CE9ACA55}.Release|Any CPU.ActiveCfg = Release|Any CPU
		{6697FF31-25D3-4F52-9DBB-AC26CE9ACA55}.Release|Any CPU.Build.0 = Release|Any CPU
		{70AB4C51-C071-46D2-88C8-8D6B484F88EF}.Debug|Any CPU.ActiveCfg = Debug|Any CPU
		{70AB4C51-C071-46D2-88C8-8D6B484F88EF}.Debug|Any CPU.Build.0 = Debug|Any CPU
		{70AB4C51-C071-46D2-88C8-8D6B484F88EF}.Release|Any CPU.ActiveCfg = Release|Any CPU
		{70AB4C51-C071-46D2-88C8-8D6B484F88EF}.Release|Any CPU.Build.0 = Release|Any CPU
		{D03FB0DD-CB80-45FD-B06E-6D9296792A44}.Debug|Any CPU.ActiveCfg = Debug|Any CPU
		{D03FB0DD-CB80-45FD-B06E-6D9296792A44}.Debug|Any CPU.Build.0 = Debug|Any CPU
		{D03FB0DD-CB80-45FD-B06E-6D9296792A44}.Release|Any CPU.ActiveCfg = Release|Any CPU
		{D03FB0DD-CB80-45FD-B06E-6D9296792A44}.Release|Any CPU.Build.0 = Release|Any CPU
		{5393694F-329C-4290-98BC-247624B54C38}.Debug|Any CPU.ActiveCfg = Debug|Any CPU
		{5393694F-329C-4290-98BC-247624B54C38}.Debug|Any CPU.Build.0 = Debug|Any CPU
		{5393694F-329C-4290-98BC-247624B54C38}.Release|Any CPU.ActiveCfg = Release|Any CPU
		{5393694F-329C-4290-98BC-247624B54C38}.Release|Any CPU.Build.0 = Release|Any CPU
		{B291A7C1-7FE0-4F65-A46A-A141FB08DC46}.Debug|Any CPU.ActiveCfg = Debug|Any CPU
		{B291A7C1-7FE0-4F65-A46A-A141FB08DC46}.Debug|Any CPU.Build.0 = Debug|Any CPU
		{B291A7C1-7FE0-4F65-A46A-A141FB08DC46}.Release|Any CPU.ActiveCfg = Release|Any CPU
		{B291A7C1-7FE0-4F65-A46A-A141FB08DC46}.Release|Any CPU.Build.0 = Release|Any CPU
		{2144F3AB-849C-49E9-B870-7B1D00E15E48}.Debug|Any CPU.ActiveCfg = Debug|Any CPU
		{2144F3AB-849C-49E9-B870-7B1D00E15E48}.Debug|Any CPU.Build.0 = Debug|Any CPU
		{2144F3AB-849C-49E9-B870-7B1D00E15E48}.Release|Any CPU.ActiveCfg = Release|Any CPU
		{2144F3AB-849C-49E9-B870-7B1D00E15E48}.Release|Any CPU.Build.0 = Release|Any CPU
		{8B6F0BF3-076A-4CC6-8F87-1AD9F10CED24}.Debug|Any CPU.ActiveCfg = Debug|Any CPU
		{8B6F0BF3-076A-4CC6-8F87-1AD9F10CED24}.Debug|Any CPU.Build.0 = Debug|Any CPU
		{8B6F0BF3-076A-4CC6-8F87-1AD9F10CED24}.Release|Any CPU.ActiveCfg = Release|Any CPU
		{8B6F0BF3-076A-4CC6-8F87-1AD9F10CED24}.Release|Any CPU.Build.0 = Release|Any CPU
		{D538B9E5-C641-4C11-8D13-47E23FB8C6F3}.Debug|Any CPU.ActiveCfg = Debug|Any CPU
		{D538B9E5-C641-4C11-8D13-47E23FB8C6F3}.Debug|Any CPU.Build.0 = Debug|Any CPU
		{D538B9E5-C641-4C11-8D13-47E23FB8C6F3}.Release|Any CPU.ActiveCfg = Release|Any CPU
		{D538B9E5-C641-4C11-8D13-47E23FB8C6F3}.Release|Any CPU.Build.0 = Release|Any CPU
		{7EE4A675-DF86-4653-BB21-CDFCF5886CEB}.Debug|Any CPU.ActiveCfg = Debug|Any CPU
		{7EE4A675-DF86-4653-BB21-CDFCF5886CEB}.Debug|Any CPU.Build.0 = Debug|Any CPU
		{7EE4A675-DF86-4653-BB21-CDFCF5886CEB}.Release|Any CPU.ActiveCfg = Release|Any CPU
		{7EE4A675-DF86-4653-BB21-CDFCF5886CEB}.Release|Any CPU.Build.0 = Release|Any CPU
	EndGlobalSection
	GlobalSection(SolutionProperties) = preSolution
		HideSolutionNode = FALSE
	EndGlobalSection
	GlobalSection(NestedProjects) = preSolution
		{C737438D-B900-4F77-ABBD-7DE9EA0E2325} = {114B6230-EAB4-4D8D-A468-36205BAD6941}
		{64ECEA51-45E1-474C-94A3-19A12CB8B18C} = {114B6230-EAB4-4D8D-A468-36205BAD6941}
		{3520EEE4-24C5-4B79-9E28-6E32C9FE610C} = {114B6230-EAB4-4D8D-A468-36205BAD6941}
		{4F18B643-2C80-40A9-BC11-B9FAB2601A3A} = {114B6230-EAB4-4D8D-A468-36205BAD6941}
		{6FAF15D1-54F1-47D4-892A-DFC046EB5733} = {6405ADB5-D8DD-40C9-A01D-4FF4FDD795F6}
		{8ADA907D-6883-4C27-9305-BF923EEB9A62} = {BE64D941-8F0B-45BB-8A64-ED511A8320CC}
		{E329497E-4EDE-4D8B-9EF7-9C7748C8F129} = {BE64D941-8F0B-45BB-8A64-ED511A8320CC}
		{D275C6B3-62F5-4EF5-9BB5-1B9D20F03CA1} = {BE64D941-8F0B-45BB-8A64-ED511A8320CC}
		{F0CE0A08-B72E-4842-B738-6D12A5426A70} = {BE64D941-8F0B-45BB-8A64-ED511A8320CC}
		{BB9F2A43-0592-4C04-983A-79C33AF9BBE4} = {6405ADB5-D8DD-40C9-A01D-4FF4FDD795F6}
		{462ACB3E-400A-4DC5-8F1D-A9C25B44875D} = {57A1AB46-0A0A-4D56-9626-561387359380}
		{9D1CF332-EF75-4AF5-B942-F42950E2CC3B} = {57A1AB46-0A0A-4D56-9626-561387359380}
		{AD5AADF0-4343-46B2-9623-BB588077B402} = {6405ADB5-D8DD-40C9-A01D-4FF4FDD795F6}
		{90768B62-38C0-475A-A063-996445CB5FD6} = {6CDFBD29-7813-4C21-8469-81721A05CAEE}
		{1D20B39B-4370-4D65-83A7-E8759318A997} = {6CDFBD29-7813-4C21-8469-81721A05CAEE}
		{68514757-CE3A-4FFC-B592-DAFD7CBA062F} = {6CDFBD29-7813-4C21-8469-81721A05CAEE}
		{6697FF31-25D3-4F52-9DBB-AC26CE9ACA55} = {6CDFBD29-7813-4C21-8469-81721A05CAEE}
		{70AB4C51-C071-46D2-88C8-8D6B484F88EF} = {6405ADB5-D8DD-40C9-A01D-4FF4FDD795F6}
		{D03FB0DD-CB80-45FD-B06E-6D9296792A44} = {A6138611-69A4-43A2-B592-C6C85385DB9A}
		{5393694F-329C-4290-98BC-247624B54C38} = {A6138611-69A4-43A2-B592-C6C85385DB9A}
		{B291A7C1-7FE0-4F65-A46A-A141FB08DC46} = {A6138611-69A4-43A2-B592-C6C85385DB9A}
		{2144F3AB-849C-49E9-B870-7B1D00E15E48} = {6405ADB5-D8DD-40C9-A01D-4FF4FDD795F6}
		{8B6F0BF3-076A-4CC6-8F87-1AD9F10CED24} = {949F68CE-F09C-4437-B043-C6CD07209127}
		{D538B9E5-C641-4C11-8D13-47E23FB8C6F3} = {949F68CE-F09C-4437-B043-C6CD07209127}
		{7EE4A675-DF86-4653-BB21-CDFCF5886CEB} = {6405ADB5-D8DD-40C9-A01D-4FF4FDD795F6}
	EndGlobalSection
	GlobalSection(ExtensibilityGlobals) = postSolution
		SolutionGuid = {36C586B2-19FD-48CD-89DF-E43F852A8359}
	EndGlobalSection
EndGlobal
